
Microsoft Visual Studio Solution File, Format Version 12.00
# Visual Studio Version 17
VisualStudioVersion = 17.13.35931.197 d17.13
MinimumVisualStudioVersion = 10.0.40219.1
Project("{8BC9CEB8-8B4A-11D0-8D11-00A0C91BC942}") = "MT4", "MT4.vcxproj", "{4492DBE8-3BEE-47E0-8062-14EDE18C7CBB}"
EndProject
Global
	GlobalSection(SolutionConfigurationPlatforms) = preSolution
		Debug|x64 = Debug|x64
		Release|x64 = Release|x64
	EndGlobalSection
	GlobalSection(ProjectConfigurationPlatforms) = postSolution
		{4492DBE8-3BEE-47E0-8062-14EDE18C7CBB}.Debug|x64.ActiveCfg = Debug|x64
		{4492DBE8-3BEE-47E0-8062-14EDE18C7CBB}.Debug|x64.Build.0 = Debug|x64
		{4492DBE8-3BEE-47E0-8062-14EDE18C7CBB}.Release|x64.ActiveCfg = Release|x64
		{4492DBE8-3BEE-47E0-8062-14EDE18C7CBB}.Release|x64.Build.0 = Release|x64
	EndGlobalSection
	GlobalSection(SolutionProperties) = preSolution
		HideSolutionNode = FALSE
	EndGlobalSection
	GlobalSection(ExtensibilityGlobals) = postSolution
		SolutionGuid = {1DF72D20-6913-45BB-8B86-B24B51EA7B57}
	EndGlobalSection
EndGlobal
